
Microsoft Visual Studio Solution File, Format Version 12.00
# Visual Studio Version 17
VisualStudioVersion = 17.4.33205.214
MinimumVisualStudioVersion = 10.0.40219.1
Project("{FAE04EC0-301F-11D3-BF4B-00C04F79EFBC}") = "BookShop", "BookShop\BookShop.csproj", "{2958B154-B803-4B69-8F4D-F1C1EEAB934D}"
EndProject
Global
	GlobalSection(SolutionConfigurationPlatforms) = preSolution
		Debug|Any CPU = Debug|Any CPU
		Release|Any CPU = Release|Any CPU
	EndGlobalSection
	GlobalSection(ProjectConfigurationPlatforms) = postSolution
		{2958B154-B803-4B69-8F4D-F1C1EEAB934D}.Debug|Any CPU.ActiveCfg = Debug|Any CPU
		{2958B154-B803-4B69-8F4D-F1C1EEAB934D}.Debug|Any CPU.Build.0 = Debug|Any CPU
		{2958B154-B803-4B69-8F4D-F1C1EEAB934D}.Release|Any CPU.ActiveCfg = Release|Any CPU
		{2958B154-B803-4B69-8F4D-F1C1EEAB934D}.Release|Any CPU.Build.0 = Release|Any CPU
	EndGlobalSection
	GlobalSection(SolutionProperties) = preSolution
		HideSolutionNode = FALSE
	EndGlobalSection
	GlobalSection(ExtensibilityGlobals) = postSolution
		SolutionGuid = {60CD813B-1700-45FB-A4F1-F3A8A2526E6B}
	EndGlobalSection
EndGlobal
